
Microsoft Visual Studio Solution File, Format Version 12.00
# Visual Studio Version 17
VisualStudioVersion = 17.8.34330.188
MinimumVisualStudioVersion = 10.0.40219.1
Project("{9A19103F-16F7-4668-BE54-9A1E7A4F7556}") = "Hisss", "Hisss\Hisss.csproj", "{2E9F448D-5353-44A0-97C1-0B047090CF71}"
EndProject
Global
	GlobalSection(SolutionConfigurationPlatforms) = preSolution
		Debug|Any CPU = Debug|Any CPU
		Release|Any CPU = Release|Any CPU
	EndGlobalSection
	GlobalSection(ProjectConfigurationPlatforms) = postSolution
		{2E9F448D-5353-44A0-97C1-0B047090CF71}.Debug|Any CPU.ActiveCfg = Debug|Any CPU
		{2E9F448D-5353-44A0-97C1-0B047090CF71}.Debug|Any CPU.Build.0 = Debug|Any CPU
		{2E9F448D-5353-44A0-97C1-0B047090CF71}.Release|Any CPU.ActiveCfg = Release|Any CPU
		{2E9F448D-5353-44A0-97C1-0B047090CF71}.Release|Any CPU.Build.0 = Release|Any CPU
	EndGlobalSection
	GlobalSection(SolutionProperties) = preSolution
		HideSolutionNode = FALSE
	EndGlobalSection
	GlobalSection(ExtensibilityGlobals) = postSolution
		SolutionGuid = {8AA0CEFB-ED3D-45A4-ACDF-6A589628875E}
	EndGlobalSection
EndGlobal
